
Microsoft Visual Studio Solution File, Format Version 12.00
# Visual Studio Version 17
VisualStudioVersion = 17.0.32014.148
MinimumVisualStudioVersion = 10.0.40219.1
Project("{9A19103F-16F7-4668-BE54-9A1E7A4F7556}") = "SMS", "source\SMS.Main\SMS.csproj", "{387AE2CD-42D9-4F48-9F44-86708BE7208F}"
EndProject
Project("{9A19103F-16F7-4668-BE54-9A1E7A4F7556}") = "SMS.Modules.Contacts", "source\SMS.Modules.Contacts\SMS.Modules.Contacts.csproj", "{0B2ACB71-744B-465F-BBB5-E5DF0E712143}"
EndProject
Project("{9A19103F-16F7-4668-BE54-9A1E7A4F7556}") = "SMS.Modules.Calendar", "source\SMS.Modules.Calendar\SMS.Modules.Calendar.csproj", "{032DA6CE-01C2-4B6B-B762-3DCF2006DF2A}"
EndProject
Project("{9A19103F-16F7-4668-BE54-9A1E7A4F7556}") = "SMS.Modules.Mail", "source\SMS.Modules.Mail\SMS.Modules.Mail.csproj", "{224A3A32-AC4E-4487-BC2C-B5969B39CDFA}"
EndProject
Project("{9A19103F-16F7-4668-BE54-9A1E7A4F7556}") = "SMS.Modules.Message", "source\SMS.Modules.Message\SMS.Modules.Message.csproj", "{E338CD52-7BDF-42D9-80FE-8ACDC9C3B4BD}"
EndProject
Project("{2150E333-8FDC-42A3-9474-1A3956D46DE8}") = "Modules", "Modules", "{93827707-8DE9-423D-8397-644842DE664F}"
EndProject
Project("{9A19103F-16F7-4668-BE54-9A1E7A4F7556}") = "SMS.Common", "source\SMS.Common\SMS.Common.csproj", "{DD4D096C-60C0-42DA-B160-DF2C584CB6BF}"
EndProject
Project("{9A19103F-16F7-4668-BE54-9A1E7A4F7556}") = "SMS.Data", "source\SMS.Data\SMS.Data.csproj", "{F12F31F9-CEFB-4FED-A7FE-6999061D8ACB}"
EndProject
Project("{9A19103F-16F7-4668-BE54-9A1E7A4F7556}") = "SMS.Infrastructure", "source\SMS.Infrastructure\SMS.Infrastructure.csproj", "{FCCE6927-4D40-4ABF-9985-898F738BB6DC}"
EndProject
Project("{9A19103F-16F7-4668-BE54-9A1E7A4F7556}") = "SMS.MediatR", "source\SMS.MediatR\SMS.MediatR.csproj", "{38A9BE12-22F6-4CA4-86F6-0D1917FDBA96}"
EndProject
Project("{9A19103F-16F7-4668-BE54-9A1E7A4F7556}") = "SMS.Repository", "source\SMS.Repository\SMS.Repository.csproj", "{91DE8166-C395-48A2-BE60-8991B966F2E2}"
EndProject
Global
	GlobalSection(SolutionConfigurationPlatforms) = preSolution
		Debug|Any CPU = Debug|Any CPU
		Debug|x64 = Debug|x64
		Debug|x86 = Debug|x86
		Release|Any CPU = Release|Any CPU
		Release|x64 = Release|x64
		Release|x86 = Release|x86
	EndGlobalSection
	GlobalSection(ProjectConfigurationPlatforms) = postSolution
		{387AE2CD-42D9-4F48-9F44-86708BE7208F}.Debug|Any CPU.ActiveCfg = Debug|Any CPU
		{387AE2CD-42D9-4F48-9F44-86708BE7208F}.Debug|Any CPU.Build.0 = Debug|Any CPU
		{387AE2CD-42D9-4F48-9F44-86708BE7208F}.Debug|x64.ActiveCfg = Debug|Any CPU
		{387AE2CD-42D9-4F48-9F44-86708BE7208F}.Debug|x64.Build.0 = Debug|Any CPU
		{387AE2CD-42D9-4F48-9F44-86708BE7208F}.Debug|x86.ActiveCfg = Debug|Any CPU
		{387AE2CD-42D9-4F48-9F44-86708BE7208F}.Debug|x86.Build.0 = Debug|Any CPU
		{387AE2CD-42D9-4F48-9F44-86708BE7208F}.Release|Any CPU.ActiveCfg = Release|Any CPU
		{387AE2CD-42D9-4F48-9F44-86708BE7208F}.Release|Any CPU.Build.0 = Release|Any CPU
		{387AE2CD-42D9-4F48-9F44-86708BE7208F}.Release|x64.ActiveCfg = Release|Any CPU
		{387AE2CD-42D9-4F48-9F44-86708BE7208F}.Release|x64.Build.0 = Release|Any CPU
		{387AE2CD-42D9-4F48-9F44-86708BE7208F}.Release|x86.ActiveCfg = Release|Any CPU
		{387AE2CD-42D9-4F48-9F44-86708BE7208F}.Release|x86.Build.0 = Release|Any CPU
		{0B2ACB71-744B-465F-BBB5-E5DF0E712143}.Debug|Any CPU.ActiveCfg = Debug|Any CPU
		{0B2ACB71-744B-465F-BBB5-E5DF0E712143}.Debug|Any CPU.Build.0 = Debug|Any CPU
		{0B2ACB71-744B-465F-BBB5-E5DF0E712143}.Debug|x64.ActiveCfg = Debug|Any CPU
		{0B2ACB71-744B-465F-BBB5-E5DF0E712143}.Debug|x64.Build.0 = Debug|Any CPU
		{0B2ACB71-744B-465F-BBB5-E5DF0E712143}.Debug|x86.ActiveCfg = Debug|Any CPU
		{0B2ACB71-744B-465F-BBB5-E5DF0E712143}.Debug|x86.Build.0 = Debug|Any CPU
		{0B2ACB71-744B-465F-BBB5-E5DF0E712143}.Release|Any CPU.ActiveCfg = Release|Any CPU
		{0B2ACB71-744B-465F-BBB5-E5DF0E712143}.Release|Any CPU.Build.0 = Release|Any CPU
		{0B2ACB71-744B-465F-BBB5-E5DF0E712143}.Release|x64.ActiveCfg = Release|Any CPU
		{0B2ACB71-744B-465F-BBB5-E5DF0E712143}.Release|x64.Build.0 = Release|Any CPU
		{0B2ACB71-744B-465F-BBB5-E5DF0E712143}.Release|x86.ActiveCfg = Release|Any CPU
		{0B2ACB71-744B-465F-BBB5-E5DF0E712143}.Release|x86.Build.0 = Release|Any CPU
		{032DA6CE-01C2-4B6B-B762-3DCF2006DF2A}.Debug|Any CPU.ActiveCfg = Debug|Any CPU
		{032DA6CE-01C2-4B6B-B762-3DCF2006DF2A}.Debug|Any CPU.Build.0 = Debug|Any CPU
		{032DA6CE-01C2-4B6B-B762-3DCF2006DF2A}.Debug|x64.ActiveCfg = Debug|Any CPU
		{032DA6CE-01C2-4B6B-B762-3DCF2006DF2A}.Debug|x64.Build.0 = Debug|Any CPU
		{032DA6CE-01C2-4B6B-B762-3DCF2006DF2A}.Debug|x86.ActiveCfg = Debug|Any CPU
		{032DA6CE-01C2-4B6B-B762-3DCF2006DF2A}.Debug|x86.Build.0 = Debug|Any CPU
		{032DA6CE-01C2-4B6B-B762-3DCF2006DF2A}.Release|Any CPU.ActiveCfg = Release|Any CPU
		{032DA6CE-01C2-4B6B-B762-3DCF2006DF2A}.Release|Any CPU.Build.0 = Release|Any CPU
		{032DA6CE-01C2-4B6B-B762-3DCF2006DF2A}.Release|x64.ActiveCfg = Release|Any CPU
		{032DA6CE-01C2-4B6B-B762-3DCF2006DF2A}.Release|x64.Build.0 = Release|Any CPU
		{032DA6CE-01C2-4B6B-B762-3DCF2006DF2A}.Release|x86.ActiveCfg = Release|Any CPU
		{032DA6CE-01C2-4B6B-B762-3DCF2006DF2A}.Release|x86.Build.0 = Release|Any CPU
		{224A3A32-AC4E-4487-BC2C-B5969B39CDFA}.Debug|Any CPU.ActiveCfg = Debug|Any CPU
		{224A3A32-AC4E-4487-BC2C-B5969B39CDFA}.Debug|Any CPU.Build.0 = Debug|Any CPU
		{224A3A32-AC4E-4487-BC2C-B5969B39CDFA}.Debug|x64.ActiveCfg = Debug|Any CPU
		{224A3A32-AC4E-4487-BC2C-B5969B39CDFA}.Debug|x64.Build.0 = Debug|Any CPU
		{224A3A32-AC4E-4487-BC2C-B5969B39CDFA}.Debug|x86.ActiveCfg = Debug|Any CPU
		{224A3A32-AC4E-4487-BC2C-B5969B39CDFA}.Debug|x86.Build.0 = Debug|Any CPU
		{224A3A32-AC4E-4487-BC2C-B5969B39CDFA}.Release|Any CPU.ActiveCfg = Release|Any CPU
		{224A3A32-AC4E-4487-BC2C-B5969B39CDFA}.Release|Any CPU.Build.0 = Release|Any CPU
		{224A3A32-AC4E-4487-BC2C-B5969B39CDFA}.Release|x64.ActiveCfg = Release|Any CPU
		{224A3A32-AC4E-4487-BC2C-B5969B39CDFA}.Release|x64.Build.0 = Release|Any CPU
		{224A3A32-AC4E-4487-BC2C-B5969B39CDFA}.Release|x86.ActiveCfg = Release|Any CPU
		{224A3A32-AC4E-4487-BC2C-B5969B39CDFA}.Release|x86.Build.0 = Release|Any CPU
		{E338CD52-7BDF-42D9-80FE-8ACDC9C3B4BD}.Debug|Any CPU.ActiveCfg = Debug|Any CPU
		{E338CD52-7BDF-42D9-80FE-8ACDC9C3B4BD}.Debug|Any CPU.Build.0 = Debug|Any CPU
		{E338CD52-7BDF-42D9-80FE-8ACDC9C3B4BD}.Debug|x64.ActiveCfg = Debug|Any CPU
		{E338CD52-7BDF-42D9-80FE-8ACDC9C3B4BD}.Debug|x64.Build.0 = Debug|Any CPU
		{E338CD52-7BDF-42D9-80FE-8ACDC9C3B4BD}.Debug|x86.ActiveCfg = Debug|Any CPU
		{E338CD52-7BDF-42D9-80FE-8ACDC9C3B4BD}.Debug|x86.Build.0 = Debug|Any CPU
		{E338CD52-7BDF-42D9-80FE-8ACDC9C3B4BD}.Release|Any CPU.ActiveCfg = Release|Any CPU
		{E338CD52-7BDF-42D9-80FE-8ACDC9C3B4BD}.Release|Any CPU.Build.0 = Release|Any CPU
		{E338CD52-7BDF-42D9-80FE-8ACDC9C3B4BD}.Release|x64.ActiveCfg = Release|Any CPU
		{E338CD52-7BDF-42D9-80FE-8ACDC9C3B4BD}.Release|x64.Build.0 = Release|Any CPU
		{E338CD52-7BDF-42D9-80FE-8ACDC9C3B4BD}.Release|x86.ActiveCfg = Release|Any CPU
		{E338CD52-7BDF-42D9-80FE-8ACDC9C3B4BD}.Release|x86.Build.0 = Release|Any CPU
		{DD4D096C-60C0-42DA-B160-DF2C584CB6BF}.Debug|Any CPU.ActiveCfg = Debug|Any CPU
		{DD4D096C-60C0-42DA-B160-DF2C584CB6BF}.Debug|Any CPU.Build.0 = Debug|Any CPU
		{DD4D096C-60C0-42DA-B160-DF2C584CB6BF}.Debug|x64.ActiveCfg = Debug|Any CPU
		{DD4D096C-60C0-42DA-B160-DF2C584CB6BF}.Debug|x64.Build.0 = Debug|Any CPU
		{DD4D096C-60C0-42DA-B160-DF2C584CB6BF}.Debug|x86.ActiveCfg = Debug|Any CPU
		{DD4D096C-60C0-42DA-B160-DF2C584CB6BF}.Debug|x86.Build.0 = Debug|Any CPU
		{DD4D096C-60C0-42DA-B160-DF2C584CB6BF}.Release|Any CPU.ActiveCfg = Release|Any CPU
		{DD4D096C-60C0-42DA-B160-DF2C584CB6BF}.Release|Any CPU.Build.0 = Release|Any CPU
		{DD4D096C-60C0-42DA-B160-DF2C584CB6BF}.Release|x64.ActiveCfg = Release|Any CPU
		{DD4D096C-60C0-42DA-B160-DF2C584CB6BF}.Release|x64.Build.0 = Release|Any CPU
		{DD4D096C-60C0-42DA-B160-DF2C584CB6BF}.Release|x86.ActiveCfg = Release|Any CPU
		{DD4D096C-60C0-42DA-B160-DF2C584CB6BF}.Release|x86.Build.0 = Release|Any CPU
		{F12F31F9-CEFB-4FED-A7FE-6999061D8ACB}.Debug|Any CPU.ActiveCfg = Debug|Any CPU
		{F12F31F9-CEFB-4FED-A7FE-6999061D8ACB}.Debug|Any CPU.Build.0 = Debug|Any CPU
		{F12F31F9-CEFB-4FED-A7FE-6999061D8ACB}.Debug|x64.ActiveCfg = Debug|Any CPU
		{F12F31F9-CEFB-4FED-A7FE-6999061D8ACB}.Debug|x64.Build.0 = Debug|Any CPU
		{F12F31F9-CEFB-4FED-A7FE-6999061D8ACB}.Debug|x86.ActiveCfg = Debug|Any CPU
		{F12F31F9-CEFB-4FED-A7FE-6999061D8ACB}.Debug|x86.Build.0 = Debug|Any CPU
		{F12F31F9-CEFB-4FED-A7FE-6999061D8ACB}.Release|Any CPU.ActiveCfg = Release|Any CPU
		{F12F31F9-CEFB-4FED-A7FE-6999061D8ACB}.Release|Any CPU.Build.0 = Release|Any CPU
		{F12F31F9-CEFB-4FED-A7FE-6999061D8ACB}.Release|x64.ActiveCfg = Release|Any CPU
		{F12F31F9-CEFB-4FED-A7FE-6999061D8ACB}.Release|x64.Build.0 = Release|Any CPU
		{F12F31F9-CEFB-4FED-A7FE-6999061D8ACB}.Release|x86.ActiveCfg = Release|Any CPU
		{F12F31F9-CEFB-4FED-A7FE-6999061D8ACB}.Release|x86.Build.0 = Release|Any CPU
		{FCCE6927-4D40-4ABF-9985-898F738BB6DC}.Debug|Any CPU.ActiveCfg = Debug|Any CPU
		{FCCE6927-4D40-4ABF-9985-898F738BB6DC}.Debug|Any CPU.Build.0 = Debug|Any CPU
		{FCCE6927-4D40-4ABF-9985-898F738BB6DC}.Debug|x64.ActiveCfg = Debug|Any CPU
		{FCCE6927-4D40-4ABF-9985-898F738BB6DC}.Debug|x64.Build.0 = Debug|Any CPU
		{FCCE6927-4D40-4ABF-9985-898F738BB6DC}.Debug|x86.ActiveCfg = Debug|Any CPU
		{FCCE6927-4D40-4ABF-9985-898F738BB6DC}.Debug|x86.Build.0 = Debug|Any CPU
		{FCCE6927-4D40-4ABF-9985-898F738BB6DC}.Release|Any CPU.ActiveCfg = Release|Any CPU
		{FCCE6927-4D40-4ABF-9985-898F738BB6DC}.Release|Any CPU.Build.0 = Release|Any CPU
		{FCCE6927-4D40-4ABF-9985-898F738BB6DC}.Release|x64.ActiveCfg = Release|Any CPU
		{FCCE6927-4D40-4ABF-9985-898F738BB6DC}.Release|x64.Build.0 = Release|Any CPU
		{FCCE6927-4D40-4ABF-9985-898F738BB6DC}.Release|x86.ActiveCfg = Release|Any CPU
		{FCCE6927-4D40-4ABF-9985-898F738BB6DC}.Release|x86.Build.0 = Release|Any CPU
		{38A9BE12-22F6-4CA4-86F6-0D1917FDBA96}.Debug|Any CPU.ActiveCfg = Debug|Any CPU
		{38A9BE12-22F6-4CA4-86F6-0D1917FDBA96}.Debug|Any CPU.Build.0 = Debug|Any CPU
		{38A9BE12-22F6-4CA4-86F6-0D1917FDBA96}.Debug|x64.ActiveCfg = Debug|Any CPU
		{38A9BE12-22F6-4CA4-86F6-0D1917FDBA96}.Debug|x64.Build.0 = Debug|Any CPU
		{38A9BE12-22F6-4CA4-86F6-0D1917FDBA96}.Debug|x86.ActiveCfg = Debug|Any CPU
		{38A9BE12-22F6-4CA4-86F6-0D1917FDBA96}.Debug|x86.Build.0 = Debug|Any CPU
		{38A9BE12-22F6-4CA4-86F6-0D1917FDBA96}.Release|Any CPU.ActiveCfg = Release|Any CPU
		{38A9BE12-22F6-4CA4-86F6-0D1917FDBA96}.Release|Any CPU.Build.0 = Release|Any CPU
		{38A9BE12-22F6-4CA4-86F6-0D1917FDBA96}.Release|x64.ActiveCfg = Release|Any CPU
		{38A9BE12-22F6-4CA4-86F6-0D1917FDBA96}.Release|x64.Build.0 = Release|Any CPU
		{38A9BE12-22F6-4CA4-86F6-0D1917FDBA96}.Release|x86.ActiveCfg = Release|Any CPU
		{38A9BE12-22F6-4CA4-86F6-0D1917FDBA96}.Release|x86.Build.0 = Release|Any CPU
		{91DE8166-C395-48A2-BE60-8991B966F2E2}.Debug|Any CPU.ActiveCfg = Debug|Any CPU
		{91DE8166-C395-48A2-BE60-8991B966F2E2}.Debug|Any CPU.Build.0 = Debug|Any CPU
		{91DE8166-C395-48A2-BE60-8991B966F2E2}.Debug|x64.ActiveCfg = Debug|Any CPU
		{91DE8166-C395-48A2-BE60-8991B966F2E2}.Debug|x64.Build.0 = Debug|Any CPU
		{91DE8166-C395-48A2-BE60-8991B966F2E2}.Debug|x86.ActiveCfg = Debug|Any CPU
		{91DE8166-C395-48A2-BE60-8991B966F2E2}.Debug|x86.Build.0 = Debug|Any CPU
		{91DE8166-C395-48A2-BE60-8991B966F2E2}.Release|Any CPU.ActiveCfg = Release|Any CPU
		{91DE8166-C395-48A2-BE60-8991B966F2E2}.Release|Any CPU.Build.0 = Release|Any CPU
		{91DE8166-C395-48A2-BE60-8991B966F2E2}.Release|x64.ActiveCfg = Release|Any CPU
		{91DE8166-C395-48A2-BE60-8991B966F2E2}.Release|x64.Build.0 = Release|Any CPU
		{91DE8166-C395-48A2-BE60-8991B966F2E2}.Release|x86.ActiveCfg = Release|Any CPU
		{91DE8166-C395-48A2-BE60-8991B966F2E2}.Release|x86.Build.0 = Release|Any CPU
	EndGlobalSection
	GlobalSection(SolutionProperties) = preSolution
		HideSolutionNode = FALSE
	EndGlobalSection
	GlobalSection(NestedProjects) = preSolution
		{0B2ACB71-744B-465F-BBB5-E5DF0E712143} = {93827707-8DE9-423D-8397-644842DE664F}
		{032DA6CE-01C2-4B6B-B762-3DCF2006DF2A} = {93827707-8DE9-423D-8397-644842DE664F}
		{224A3A32-AC4E-4487-BC2C-B5969B39CDFA} = {93827707-8DE9-423D-8397-644842DE664F}
		{E338CD52-7BDF-42D9-80FE-8ACDC9C3B4BD} = {93827707-8DE9-423D-8397-644842DE664F}
	EndGlobalSection
	GlobalSection(ExtensibilityGlobals) = postSolution
		SolutionGuid = {8E408F57-1FD9-4955-BA26-18EA782BEECD}
	EndGlobalSection
EndGlobal
